
Microsoft Visual Studio Solution File, Format Version 11.00
# Visual Studio 2010
Project("{FAE04EC0-301F-11D3-BF4B-00C04F79EFBC}") = "Assembly-CSharp", "Assembly-CSharp.csproj", "{ab328521-5a46-a53c-b53b-e3aa403e3829}"
EndProject
Project("{FAE04EC0-301F-11D3-BF4B-00C04F79EFBC}") = "Assembly-CSharp-Editor", "Assembly-CSharp-Editor.csproj", "{57fa9015-4467-ea1f-f600-5d27df8cca41}"
EndProject
Global
	GlobalSection(SolutionConfigurationPlatforms) = preSolution
		Debug|Any CPU = Debug|Any CPU
	EndGlobalSection
	GlobalSection(ProjectConfigurationPlatforms) = postSolution
		{ab328521-5a46-a53c-b53b-e3aa403e3829}.Debug|Any CPU.ActiveCfg = Debug|Any CPU
		{ab328521-5a46-a53c-b53b-e3aa403e3829}.Debug|Any CPU.Build.0 = Debug|Any CPU
		{57fa9015-4467-ea1f-f600-5d27df8cca41}.Debug|Any CPU.ActiveCfg = Debug|Any CPU
		{57fa9015-4467-ea1f-f600-5d27df8cca41}.Debug|Any CPU.Build.0 = Debug|Any CPU
	EndGlobalSection
	GlobalSection(SolutionProperties) = preSolution
		HideSolutionNode = FALSE
	EndGlobalSection
EndGlobal
